
Microsoft Visual Studio Solution File, Format Version 12.00
# Visual Studio Version 17
VisualStudioVersion = 17.0.31903.59
MinimumVisualStudioVersion = 10.0.40219.1
Project("{FAE04EC0-301F-11D3-BF4B-00C04F79EFBC}") = "App", "App\App.csproj", "{707EE641-7DF1-4866-A267-5A82C3132C89}"
EndProject
Project("{FAE04EC0-301F-11D3-BF4B-00C04F79EFBC}") = "App.Tests", "App.Tests\App.Tests.csproj", "{12EE2EC4-2EF2-49BE-AC7D-A3D0F32C6CE3}"
EndProject
Global
	GlobalSection(SolutionConfigurationPlatforms) = preSolution
		Debug|Any CPU = Debug|Any CPU
		Release|Any CPU = Release|Any CPU
	EndGlobalSection
	GlobalSection(SolutionProperties) = preSolution
		HideSolutionNode = FALSE
	EndGlobalSection
	GlobalSection(ProjectConfigurationPlatforms) = postSolution
		{707EE641-7DF1-4866-A267-5A82C3132C89}.Debug|Any CPU.ActiveCfg = Debug|Any CPU
		{707EE641-7DF1-4866-A267-5A82C3132C89}.Debug|Any CPU.Build.0 = Debug|Any CPU
		{707EE641-7DF1-4866-A267-5A82C3132C89}.Release|Any CPU.ActiveCfg = Release|Any CPU
		{707EE641-7DF1-4866-A267-5A82C3132C89}.Release|Any CPU.Build.0 = Release|Any CPU
		{12EE2EC4-2EF2-49BE-AC7D-A3D0F32C6CE3}.Debug|Any CPU.ActiveCfg = Debug|Any CPU
		{12EE2EC4-2EF2-49BE-AC7D-A3D0F32C6CE3}.Debug|Any CPU.Build.0 = Debug|Any CPU
		{12EE2EC4-2EF2-49BE-AC7D-A3D0F32C6CE3}.Release|Any CPU.ActiveCfg = Release|Any CPU
		{12EE2EC4-2EF2-49BE-AC7D-A3D0F32C6CE3}.Release|Any CPU.Build.0 = Release|Any CPU
	EndGlobalSection
EndGlobal
