
Microsoft Visual Studio Solution File, Format Version 12.00
# Visual Studio Version 17
VisualStudioVersion = 17.0.31903.59
MinimumVisualStudioVersion = 10.0.40219.1
Project("{FAE04EC0-301F-11D3-BF4B-00C04F79EFBC}") = "App", "App\App.csproj", "{DD7F4D19-6EBA-47A6-86ED-3C3A67D551F2}"
EndProject
Project("{FAE04EC0-301F-11D3-BF4B-00C04F79EFBC}") = "App.Tests", "App.Tests\App.Tests.csproj", "{A77AD3ED-2568-44BF-A1EE-5A160C28DBE1}"
EndProject
Global
	GlobalSection(SolutionConfigurationPlatforms) = preSolution
		Debug|Any CPU = Debug|Any CPU
		Release|Any CPU = Release|Any CPU
	EndGlobalSection
	GlobalSection(SolutionProperties) = preSolution
		HideSolutionNode = FALSE
	EndGlobalSection
	GlobalSection(ProjectConfigurationPlatforms) = postSolution
		{DD7F4D19-6EBA-47A6-86ED-3C3A67D551F2}.Debug|Any CPU.ActiveCfg = Debug|Any CPU
		{DD7F4D19-6EBA-47A6-86ED-3C3A67D551F2}.Debug|Any CPU.Build.0 = Debug|Any CPU
		{DD7F4D19-6EBA-47A6-86ED-3C3A67D551F2}.Release|Any CPU.ActiveCfg = Release|Any CPU
		{DD7F4D19-6EBA-47A6-86ED-3C3A67D551F2}.Release|Any CPU.Build.0 = Release|Any CPU
		{A77AD3ED-2568-44BF-A1EE-5A160C28DBE1}.Debug|Any CPU.ActiveCfg = Debug|Any CPU
		{A77AD3ED-2568-44BF-A1EE-5A160C28DBE1}.Debug|Any CPU.Build.0 = Debug|Any CPU
		{A77AD3ED-2568-44BF-A1EE-5A160C28DBE1}.Release|Any CPU.ActiveCfg = Release|Any CPU
		{A77AD3ED-2568-44BF-A1EE-5A160C28DBE1}.Release|Any CPU.Build.0 = Release|Any CPU
	EndGlobalSection
EndGlobal
